
Microsoft Visual Studio Solution File, Format Version 12.00
# Visual Studio Version 17
VisualStudioVersion = 17.7.34024.191
MinimumVisualStudioVersion = 10.0.40219.1
Project("{FAE04EC0-301F-11D3-BF4B-00C04F79EFBC}") = "RankingApp", "RankingApp\RankingApp.csproj", "{907F295E-D3D2-4984-BF8B-19CE3AB4D1F1}"
EndProject
Global
	GlobalSection(SolutionConfigurationPlatforms) = preSolution
		Debug|Any CPU = Debug|Any CPU
		Release|Any CPU = Release|Any CPU
	EndGlobalSection
	GlobalSection(ProjectConfigurationPlatforms) = postSolution
		{907F295E-D3D2-4984-BF8B-19CE3AB4D1F1}.Debug|Any CPU.ActiveCfg = Debug|Any CPU
		{907F295E-D3D2-4984-BF8B-19CE3AB4D1F1}.Debug|Any CPU.Build.0 = Debug|Any CPU
		{907F295E-D3D2-4984-BF8B-19CE3AB4D1F1}.Release|Any CPU.ActiveCfg = Release|Any CPU
		{907F295E-D3D2-4984-BF8B-19CE3AB4D1F1}.Release|Any CPU.Build.0 = Release|Any CPU
	EndGlobalSection
	GlobalSection(SolutionProperties) = preSolution
		HideSolutionNode = FALSE
	EndGlobalSection
	GlobalSection(ExtensibilityGlobals) = postSolution
		SolutionGuid = {6207AB22-AC52-45A8-9C33-824B6A56824F}
	EndGlobalSection
EndGlobal
